
Microsoft Visual Studio Solution File, Format Version 12.00
# Visual Studio Version 17
VisualStudioVersion = 17.10.34916.146
MinimumVisualStudioVersion = 10.0.40219.1
Project("{FAE04EC0-301F-11D3-BF4B-00C04F79EFBC}") = "estadísticas calculadora", "estadísticas calculadora\estadísticas calculadora.csproj", "{5B494C56-BA4D-4802-9378-B3A783381948}"
EndProject
Global
	GlobalSection(SolutionConfigurationPlatforms) = preSolution
		Debug|Any CPU = Debug|Any CPU
		Release|Any CPU = Release|Any CPU
	EndGlobalSection
	GlobalSection(ProjectConfigurationPlatforms) = postSolution
		{5B494C56-BA4D-4802-9378-B3A783381948}.Debug|Any CPU.ActiveCfg = Debug|Any CPU
		{5B494C56-BA4D-4802-9378-B3A783381948}.Debug|Any CPU.Build.0 = Debug|Any CPU
		{5B494C56-BA4D-4802-9378-B3A783381948}.Release|Any CPU.ActiveCfg = Release|Any CPU
		{5B494C56-BA4D-4802-9378-B3A783381948}.Release|Any CPU.Build.0 = Release|Any CPU
	EndGlobalSection
	GlobalSection(SolutionProperties) = preSolution
		HideSolutionNode = FALSE
	EndGlobalSection
	GlobalSection(ExtensibilityGlobals) = postSolution
		SolutionGuid = {B38D32B1-DAB8-4567-9956-1524A34F1515}
	EndGlobalSection
EndGlobal
